github.com/ruiconti/gojs/internal v0.0.0-20230319200911-70222a0d6d69 h1:cPnujBzhRJ+OXMS0Fcz7fP+l1OMp8Ge0qm6vAEU1TKA=
github.com/ruiconti/gojs/internal v0.0.0-20230319200911-70222a0d6d69/go.mod h1:bqDEG87026lS1dh9NvqQACYS2lUvxaD31y4xwthGTyQ=
github.com/ruiconti/gojs/lexer v0.0.0-20230319200911-70222a0d6d69 h1:6wwhUgmXIXdoVhE2ggAXmksHEEXW5V02IUdxUqn5wTo=
github.com/ruiconti/gojs/lexer v0.0.0-20230319200911-70222a0d6d69/go.mod h1:Hoo5vXf1GMI8efXFqks2pE9Kb4vft1XsVwgWKAeVnIQ=
